
Microsoft Visual Studio Solution File, Format Version 11.00
# Visual Studio 2010
Project("{8BC9CEB8-8B4A-11D0-8D11-00A0C91BC942}") = "nethackw", "build\nethackw.vcxproj", "{23125BA0-843C-AB91-1269-C586B2451BA1}"
	ProjectSection(ProjectDependencies) = postProject
		{0997497D-1CA0-8C5A-6203-F2275ECD8777} = {0997497D-1CA0-8C5A-6203-F2275ECD8777}
		{51C1411C-38EE-3A00-BF2D-EF21595FFA02} = {51C1411C-38EE-3A00-BF2D-EF21595FFA02}
		{1426BB5C-A71C-A32A-0EF9-6D46910F8EF8} = {1426BB5C-A71C-A32A-0EF9-6D46910F8EF8}
		{861408C7-5078-E374-2367-39E37EE53C35} = {861408C7-5078-E374-2367-39E37EE53C35}
		{C5FECE37-38CA-9CA5-D231-46EF441D979F} = {C5FECE37-38CA-9CA5-D231-46EF441D979F}
		{90A4A045-BBBF-10B2-8033-5E1719B38E01} = {90A4A045-BBBF-10B2-8033-5E1719B38E01}
		{31EF352D-6C74-0327-D574-BA70458FB139} = {31EF352D-6C74-0327-D574-BA70458FB139}
	EndProjectSection
EndProject
Project("{8BC9CEB8-8B4A-11D0-8D11-00A0C91BC942}") = "dgncomp", "build\dgncomp.vcxproj", "{0997497D-1CA0-8C5A-6203-F2275ECD8777}"
	ProjectSection(ProjectDependencies) = postProject
		{821E67D6-B9DD-7AF8-A703-FFEA3CC89FDD} = {821E67D6-B9DD-7AF8-A703-FFEA3CC89FDD}
	EndProjectSection
EndProject
Project("{8BC9CEB8-8B4A-11D0-8D11-00A0C91BC942}") = "dgnstuff", "build\dgnstuff.vcxproj", "{821E67D6-B9DD-7AF8-A703-FFEA3CC89FDD}"
	ProjectSection(ProjectDependencies) = postProject
		{861408C7-5078-E374-2367-39E37EE53C35} = {861408C7-5078-E374-2367-39E37EE53C35}
	EndProjectSection
EndProject
Project("{8BC9CEB8-8B4A-11D0-8D11-00A0C91BC942}") = "dlb_main", "build\dlb_main.vcxproj", "{51C1411C-38EE-3A00-BF2D-EF21595FFA02}"
	ProjectSection(ProjectDependencies) = postProject
		{0997497D-1CA0-8C5A-6203-F2275ECD8777} = {0997497D-1CA0-8C5A-6203-F2275ECD8777}
		{1426BB5C-A71C-A32A-0EF9-6D46910F8EF8} = {1426BB5C-A71C-A32A-0EF9-6D46910F8EF8}
		{861408C7-5078-E374-2367-39E37EE53C35} = {861408C7-5078-E374-2367-39E37EE53C35}
	EndProjectSection
EndProject
Project("{8BC9CEB8-8B4A-11D0-8D11-00A0C91BC942}") = "levcomp", "build\levcomp.vcxproj", "{1426BB5C-A71C-A32A-0EF9-6D46910F8EF8}"
	ProjectSection(ProjectDependencies) = postProject
		{39560CDA-EA73-5462-FB27-C779A94348D6} = {39560CDA-EA73-5462-FB27-C779A94348D6}
	EndProjectSection
EndProject
Project("{8BC9CEB8-8B4A-11D0-8D11-00A0C91BC942}") = "levstuff", "build\levstuff.vcxproj", "{39560CDA-EA73-5462-FB27-C779A94348D6}"
	ProjectSection(ProjectDependencies) = postProject
		{861408C7-5078-E374-2367-39E37EE53C35} = {861408C7-5078-E374-2367-39E37EE53C35}
	EndProjectSection
EndProject
Project("{8BC9CEB8-8B4A-11D0-8D11-00A0C91BC942}") = "makedefs", "build\makedefs.vcxproj", "{861408C7-5078-E374-2367-39E37EE53C35}"
EndProject
Project("{8BC9CEB8-8B4A-11D0-8D11-00A0C91BC942}") = "recover", "build\recover.vcxproj", "{783F4383-74C7-54E0-D233-4231B2B79349}"
	ProjectSection(ProjectDependencies) = postProject
		{861408C7-5078-E374-2367-39E37EE53C35} = {861408C7-5078-E374-2367-39E37EE53C35}
		{51C1411C-38EE-3A00-BF2D-EF21595FFA02} = {51C1411C-38EE-3A00-BF2D-EF21595FFA02}
	EndProjectSection
EndProject
Project("{8BC9CEB8-8B4A-11D0-8D11-00A0C91BC942}") = "tile2bmp", "build\tile2bmp.vcxproj", "{0055071A-97CF-E68B-7072-99EB02BF425D}"
EndProject
Project("{8BC9CEB8-8B4A-11D0-8D11-00A0C91BC942}") = "tilemap", "build\tilemap.vcxproj", "{C5FECE37-38CA-9CA5-D231-46EF441D979F}"
EndProject
Project("{8BC9CEB8-8B4A-11D0-8D11-00A0C91BC942}") = "tiles", "build\tiles.vcxproj", "{90A4A045-BBBF-10B2-8033-5E1719B38E01}"
	ProjectSection(ProjectDependencies) = postProject
		{0055071A-97CF-E68B-7072-99EB02BF425D} = {0055071A-97CF-E68B-7072-99EB02BF425D}
	EndProjectSection
EndProject
Project("{8BC9CEB8-8B4A-11D0-8D11-00A0C91BC942}") = "uudecode", "build\uudecode.vcxproj", "{31EF352D-6C74-0327-D574-BA70458FB139}"
EndProject
Global
	GlobalSection(SolutionConfigurationPlatforms) = preSolution
		Debug|Win32 = Debug|Win32
		Release|Win32 = Release|Win32
	EndGlobalSection
	GlobalSection(ProjectConfigurationPlatforms) = postSolution
		{23125BA0-843C-AB91-1269-C586B2451BA1}.Debug|Win32.ActiveCfg = Debug|Win32
		{23125BA0-843C-AB91-1269-C586B2451BA1}.Debug|Win32.Build.0 = Debug|Win32
		{23125BA0-843C-AB91-1269-C586B2451BA1}.Release|Win32.ActiveCfg = Release|Win32
		{23125BA0-843C-AB91-1269-C586B2451BA1}.Release|Win32.Build.0 = Release|Win32
		{0997497D-1CA0-8C5A-6203-F2275ECD8777}.Debug|Win32.ActiveCfg = Debug|Win32
		{0997497D-1CA0-8C5A-6203-F2275ECD8777}.Debug|Win32.Build.0 = Debug|Win32
		{0997497D-1CA0-8C5A-6203-F2275ECD8777}.Release|Win32.ActiveCfg = Release|Win32
		{0997497D-1CA0-8C5A-6203-F2275ECD8777}.Release|Win32.Build.0 = Release|Win32
		{821E67D6-B9DD-7AF8-A703-FFEA3CC89FDD}.Debug|Win32.ActiveCfg = Debug|Win32
		{821E67D6-B9DD-7AF8-A703-FFEA3CC89FDD}.Debug|Win32.Build.0 = Debug|Win32
		{821E67D6-B9DD-7AF8-A703-FFEA3CC89FDD}.Release|Win32.ActiveCfg = Release|Win32
		{821E67D6-B9DD-7AF8-A703-FFEA3CC89FDD}.Release|Win32.Build.0 = Release|Win32
		{51C1411C-38EE-3A00-BF2D-EF21595FFA02}.Debug|Win32.ActiveCfg = Debug|Win32
		{51C1411C-38EE-3A00-BF2D-EF21595FFA02}.Debug|Win32.Build.0 = Debug|Win32
		{51C1411C-38EE-3A00-BF2D-EF21595FFA02}.Release|Win32.ActiveCfg = Release|Win32
		{51C1411C-38EE-3A00-BF2D-EF21595FFA02}.Release|Win32.Build.0 = Release|Win32
		{1426BB5C-A71C-A32A-0EF9-6D46910F8EF8}.Debug|Win32.ActiveCfg = Debug|Win32
		{1426BB5C-A71C-A32A-0EF9-6D46910F8EF8}.Debug|Win32.Build.0 = Debug|Win32
		{1426BB5C-A71C-A32A-0EF9-6D46910F8EF8}.Release|Win32.ActiveCfg = Release|Win32
		{1426BB5C-A71C-A32A-0EF9-6D46910F8EF8}.Release|Win32.Build.0 = Release|Win32
		{39560CDA-EA73-5462-FB27-C779A94348D6}.Debug|Win32.ActiveCfg = Debug|Win32
		{39560CDA-EA73-5462-FB27-C779A94348D6}.Debug|Win32.Build.0 = Debug|Win32
		{39560CDA-EA73-5462-FB27-C779A94348D6}.Release|Win32.ActiveCfg = Release|Win32
		{39560CDA-EA73-5462-FB27-C779A94348D6}.Release|Win32.Build.0 = Release|Win32
		{861408C7-5078-E374-2367-39E37EE53C35}.Debug|Win32.ActiveCfg = Debug|Win32
		{861408C7-5078-E374-2367-39E37EE53C35}.Debug|Win32.Build.0 = Debug|Win32
		{861408C7-5078-E374-2367-39E37EE53C35}.Release|Win32.ActiveCfg = Release|Win32
		{861408C7-5078-E374-2367-39E37EE53C35}.Release|Win32.Build.0 = Release|Win32
		{783F4383-74C7-54E0-D233-4231B2B79349}.Debug|Win32.ActiveCfg = Debug|Win32
		{783F4383-74C7-54E0-D233-4231B2B79349}.Debug|Win32.Build.0 = Debug|Win32
		{783F4383-74C7-54E0-D233-4231B2B79349}.Release|Win32.ActiveCfg = Release|Win32
		{783F4383-74C7-54E0-D233-4231B2B79349}.Release|Win32.Build.0 = Release|Win32
		{0055071A-97CF-E68B-7072-99EB02BF425D}.Debug|Win32.ActiveCfg = Debug|Win32
		{0055071A-97CF-E68B-7072-99EB02BF425D}.Debug|Win32.Build.0 = Debug|Win32
		{0055071A-97CF-E68B-7072-99EB02BF425D}.Release|Win32.ActiveCfg = Release|Win32
		{0055071A-97CF-E68B-7072-99EB02BF425D}.Release|Win32.Build.0 = Release|Win32
		{C5FECE37-38CA-9CA5-D231-46EF441D979F}.Debug|Win32.ActiveCfg = Debug|Win32
		{C5FECE37-38CA-9CA5-D231-46EF441D979F}.Debug|Win32.Build.0 = Debug|Win32
		{C5FECE37-38CA-9CA5-D231-46EF441D979F}.Release|Win32.ActiveCfg = Release|Win32
		{C5FECE37-38CA-9CA5-D231-46EF441D979F}.Release|Win32.Build.0 = Release|Win32
		{90A4A045-BBBF-10B2-8033-5E1719B38E01}.Debug|Win32.ActiveCfg = Debug|Win32
		{90A4A045-BBBF-10B2-8033-5E1719B38E01}.Debug|Win32.Build.0 = Debug|Win32
		{90A4A045-BBBF-10B2-8033-5E1719B38E01}.Release|Win32.ActiveCfg = Release|Win32
		{90A4A045-BBBF-10B2-8033-5E1719B38E01}.Release|Win32.Build.0 = Release|Win32
		{31EF352D-6C74-0327-D574-BA70458FB139}.Debug|Win32.ActiveCfg = Debug|Win32
		{31EF352D-6C74-0327-D574-BA70458FB139}.Debug|Win32.Build.0 = Debug|Win32
		{31EF352D-6C74-0327-D574-BA70458FB139}.Release|Win32.ActiveCfg = Release|Win32
		{31EF352D-6C74-0327-D574-BA70458FB139}.Release|Win32.Build.0 = Release|Win32
	EndGlobalSection
	GlobalSection(SolutionProperties) = preSolution
		HideSolutionNode = FALSE
	EndGlobalSection
EndGlobal
